"@hzero-front-ui/c7n-ui@2.0.7-alpha-c7n.24":
  version "2.0.7-alpha-c7n.24"
  resolved "http://nexus.saas.hand-china.com/repository/hzero-npm-group/@hzero-front-ui/c7n-ui/-/c7n-ui-2.0.7-alpha-c7n.24.tgz#718294ad4cd00dcf9a8b0eac96bfde0dd636b3ac"
  integrity sha512-HvmU+Hkgmf8DM3p6j6s+z/IL/P1xkUGH6aTYW/z2NCqyG2J/pxyHm2VfMWBpP7PqkecoZfKlU8Fc1TFp/ePqJw==

"@hzero-front-ui/cfg@2.0.7-alpha-c7n.24":
  version "2.0.7-alpha-c7n.24"
  resolved "http://nexus.saas.hand-china.com/repository/hzero-npm-group/@hzero-front-ui/cfg/-/cfg-2.0.7-alpha-c7n.24.tgz#68a3b24aeddcca1dea3a28f6a7094cde73ed423b"
  integrity sha512-C1n0FhnoF/udBdlzYY8BFK6UvesuUTOsyG0A04qfSZJi7LDdROWXNRYE7GQ7JWbkhO5m2yFPyJMaO1BQafuwtA==
  dependencies:
    "@hzero-front-ui/font" "^2.0.5-alpha-c7n.24"
    memoize-one "^5.1.1"

"@hzero-front-ui/font@^2.0.5-alpha-c7n.24":
  version "2.0.9"
  resolved "http://nexus.saas.hand-china.com/repository/hzero-npm-group/@hzero-front-ui/font/-/font-2.0.9.tgz#70de01a4a98ba94b7f8b513551a92339637b223c"
  integrity sha512-YLsu+iZEXzKRr07m2txqftOWOa39pbM1uWmy3RkxgRwfe8cAIeZDpMoMZsz9yoRC9Ar/t9rDkzvi4H8SMfm7SQ==

"@hzero-front-ui/hzero-ui@2.0.7-alpha-c7n.24":
  version "2.0.7-alpha-c7n.24"
  resolved "http://nexus.saas.hand-china.com/repository/hzero-npm-group/@hzero-front-ui/hzero-ui/-/hzero-ui-2.0.7-alpha-c7n.24.tgz#0cee065efdc59e9d5cd13a285ab8647479b59204"
  integrity sha512-PWLgNiKXop/H3eRHP16EGRRpL5Pq0SvAcrTpG4H3P4vwRqj/87J4Tp+BfEkllpFjjIrJYZDdsCXyZzJHAmgV+Q==
